
Microsoft Visual Studio Solution File, Format Version 12.00
# Visual Studio Version 17
VisualStudioVersion = 17.8.34525.116
MinimumVisualStudioVersion = 10.0.40219.1
Project("{8BC9CEB8-8B4A-11D0-8D11-00A0C91BC942}") = "PathTracer", "PathTracer\PathTracer.vcxproj", "{CEE8BE7A-8A9D-4E65-A9FC-5F8F2AC22EC9}"
EndProject
Global
	GlobalSection(SolutionConfigurationPlatforms) = preSolution
		Debug|x64 = Debug|x64
		Debug|x86 = Debug|x86
		Release|x64 = Release|x64
		Release|x86 = Release|x86
	EndGlobalSection
	GlobalSection(ProjectConfigurationPlatforms) = postSolution
		{CEE8BE7A-8A9D-4E65-A9FC-5F8F2AC22EC9}.Debug|x64.ActiveCfg = Debug|x64
		{CEE8BE7A-8A9D-4E65-A9FC-5F8F2AC22EC9}.Debug|x64.Build.0 = Debug|x64
		{CEE8BE7A-8A9D-4E65-A9FC-5F8F2AC22EC9}.Debug|x86.ActiveCfg = Debug|Win32
		{CEE8BE7A-8A9D-4E65-A9FC-5F8F2AC22EC9}.Debug|x86.Build.0 = Debug|Win32
		{CEE8BE7A-8A9D-4E65-A9FC-5F8F2AC22EC9}.Release|x64.ActiveCfg = Release|x64
		{CEE8BE7A-8A9D-4E65-A9FC-5F8F2AC22EC9}.Release|x64.Build.0 = Release|x64
		{CEE8BE7A-8A9D-4E65-A9FC-5F8F2AC22EC9}.Release|x86.ActiveCfg = Release|Win32
		{CEE8BE7A-8A9D-4E65-A9FC-5F8F2AC22EC9}.Release|x86.Build.0 = Release|Win32
	EndGlobalSection
	GlobalSection(SolutionProperties) = preSolution
		HideSolutionNode = FALSE
	EndGlobalSection
	GlobalSection(ExtensibilityGlobals) = postSolution
		SolutionGuid = {CC0CC26F-B2C2-4747-B639-E4C56EECA0DA}
	EndGlobalSection
EndGlobal
